{
  "requires": true,
  "lockfileVersion": 1,
  "dependencies": {
    "@algolia/cache-browser-local-storage": {
      "version": "4.4.0",
      "resolved": "https://registry.npmjs.org/@algolia/cache-browser-local-storage/-/cache-browser-local-storage-4.4.0.tgz",
      "integrity": "sha512-2AiKgN7DpFypkRCRkpqH7waXXyFdcnsPWzmN8sLHrB/FfXqgmsQb3pGft+9YHZIDQ0vAnfgMxSGgMhMGW+0Qnw==",
      "requires": {
        "@algolia/cache-common": "4.4.0"
      }
    },
    "@algolia/cache-common": {
      "version": "4.4.0",
      "resolved": "https://registry.npmjs.org/@algolia/cache-common/-/cache-common-4.4.0.tgz",
      "integrity": "sha512-PrIgoMnXaDWUfwOekahro543pgcJfgRu/nd/ZQS5ffem3+Ow725eZY6HDpPaQ1k3cvLii9JH6V2sNJConjqUKA=="
    },
    "@algolia/cache-in-memory": {
      "version": "4.4.0",
      "resolved": "https://registry.npmjs.org/@algolia/cache-in-memory/-/cache-in-memory-4.4.0.tgz",
      "integrity": "sha512-9+XlUB0baDU/Dp9URRHPp6Q37YmTO0QmgPWt9+n+wqZrRL0jR3Jezr4jCT7RemqGMxBiR+YpnqaUv0orpb0ptw==",
      "requires": {
        "@algolia/cache-common": "4.4.0"
      }
    },
    "@algolia/client-account": {
      "version": "4.4.0",
      "resolved": "https://registry.npmjs.org/@algolia/client-account/-/client-account-4.4.0.tgz",
      "integrity": "sha512-Kynu3cMEs0clTLf674rtrCF+FWR/JwlQxKlIWsPzvLBRmNXdvYej9YBcNaOr4OTQFCCZn9JVE8ib91Z7J4IL1Q==",
      "requires": {
        "@algolia/client-common": "4.4.0",
        "@algolia/client-search": "4.4.0",
        "@algolia/transporter": "4.4.0"
      }
    },
    "@algolia/client-analytics": {
      "version": "4.4.0",
      "resolved": "https://registry.npmjs.org/@algolia/client-analytics/-/client-analytics-4.4.0.tgz",
      "integrity": "sha512-GQyjQimKAc9sZbafxln9Wk7j4pEYiORv28MZkZ+0Bjt7WNXIeO7OgOOECVpQHm9buyV6hCKpNtJcbb5/syRzdQ==",
      "requires": {
        "@algolia/client-common": "4.4.0",
        "@algolia/client-search": "4.4.0",
        "@algolia/requester-common": "4.4.0",
        "@algolia/transporter": "4.4.0"
      }
    },
    "@algolia/client-common": {
      "version": "4.4.0",
      "resolved": "https://registry.npmjs.org/@algolia/client-common/-/client-common-4.4.0.tgz",
      "integrity": "sha512-a3yr6UhzjWPHDG/8iGp9UvrDOm1aeHVWJIf0Nj/cIvqX5tNCEIo4IMe59ovApkDgLOIpt/cLsyhn9/FiPXRhJA==",
      "requires": {
        "@algolia/requester-common": "4.4.0",
        "@algolia/transporter": "4.4.0"
      }
    },
    "@algolia/client-recommendation": {
      "version": "4.4.0",
      "resolved": "https://registry.npmjs.org/@algolia/client-recommendation/-/client-recommendation-4.4.0.tgz",
      "integrity": "sha512-sBszbQH46rko6w2fdEG77ma8+fAg0SDkLZGxWhv4trgcnYGUBFl2dcpEPt/6koto9b4XYlf+eh+qi6iGvYqRPg==",
      "requires": {
        "@algolia/client-common": "4.4.0",
        "@algolia/requester-common": "4.4.0",
        "@algolia/transporter": "4.4.0"
      }
    },
    "@algolia/client-search": {
      "version": "4.4.0",
      "resolved": "https://registry.npmjs.org/@algolia/client-search/-/client-search-4.4.0.tgz",
      "integrity": "sha512-jqWcxCUyPPHnHreoMb2PnN9iHTP+V/nL62R84XuTRDE3VgTnhm4ZnqyuRdzZQqaz+gNy5znav64TmQ9FN9WW5g==",
      "requires": {
        "@algolia/client-common": "4.4.0",
        "@algolia/requester-common": "4.4.0",
        "@algolia/transporter": "4.4.0"
      }
    },
    "@algolia/logger-common": {
      "version": "4.4.0",
      "resolved": "https://registry.npmjs.org/@algolia/logger-common/-/logger-common-4.4.0.tgz",
      "integrity": "sha512-2vjmSENLaKNuF+ytRDysfWxxgFG95WXCHwHbueThdPMCK3hskkwqJ0Y/pugKfzl+54mZxegb4BYfgcCeuaHVUw=="
    },
    "@algolia/logger-console": {
      "version": "4.4.0",
      "resolved": "https://registry.npmjs.org/@algolia/logger-console/-/logger-console-4.4.0.tgz",
      "integrity": "sha512-st/GUWyKvr6YM72OOfF+RmpdVGda3BPXbQ+chpntUq1WyVkyZXGjSmH1IcBVlua27GzxabwOUYON39cF3x10/g==",
      "requires": {
        "@algolia/logger-common": "4.4.0"
      }
    },
    "@algolia/requester-browser-xhr": {
      "version": "4.4.0",
      "resolved": "https://registry.npmjs.org/@algolia/requester-browser-xhr/-/requester-browser-xhr-4.4.0.tgz",
      "integrity": "sha512-V3a4hXlNch355GnWaT1f5QfXhROpsjT6sd0Znq29gAhwLqfBExhLW6Khdkv5pENC0Qy7ClVhdXFrBL9QCQer1g==",
      "requires": {
        "@algolia/requester-common": "4.4.0"
      }
    },
    "@algolia/requester-common": {
      "version": "4.4.0",
      "resolved": "https://registry.npmjs.org/@algolia/requester-common/-/requester-common-4.4.0.tgz",
      "integrity": "sha512-jPinHlFJEFokxQ5b3JWyjQKKn+FMy0hH99PApzOgQAYOSiFRXiPEZp6LeIexDeLLu7Y3eRt/3nHvjPKa6PmRRw=="
    },
    "@algolia/requester-node-http": {
      "version": "4.4.0",
      "resolved": "https://registry.npmjs.org/@algolia/requester-node-http/-/requester-node-http-4.4.0.tgz",
      "integrity": "sha512-b7HC9C/GHxiV4+0GpCRTtjscvwarPr3dGm4CAhb6AkNjgjRcFUNr1NfsF75w3WVmzmt79/7QZihddztDdVMGjw==",
      "requires": {
        "@algolia/requester-common": "4.4.0"
      }
    },
    "@algolia/transporter": {
      "version": "4.4.0",
      "resolved": "https://registry.npmjs.org/@algolia/transporter/-/transporter-4.4.0.tgz",
      "integrity": "sha512-Xxzq91DEEeKIzT3DU46n4LEyTGAKZNtSHc2H9wvIY5MYwhZwEribmXXZ6k8W1FvBvzggv3juu0SP+xwGoR7F0w==",
      "requires": {
        "@algolia/cache-common": "4.4.0",
        "@algolia/logger-common": "4.4.0",
        "@algolia/requester-common": "4.4.0"
      }
    },
    "algoliasearch": {
      "version": "4.4.0",
      "resolved": "https://registry.npmjs.org/algoliasearch/-/algoliasearch-4.4.0.tgz",
      "integrity": "sha512-Ag3wxe/nSodNl/1KbHibtkh7TNLptKE300/wnGVtszRjXivaWD6333nUpCumrYObHym/fHMHyLcmQYezXbAIWQ==",
      "requires": {
        "@algolia/cache-browser-local-storage": "4.4.0",
        "@algolia/cache-common": "4.4.0",
        "@algolia/cache-in-memory": "4.4.0",
        "@algolia/client-account": "4.4.0",
        "@algolia/client-analytics": "4.4.0",
        "@algolia/client-common": "4.4.0",
        "@algolia/client-recommendation": "4.4.0",
        "@algolia/client-search": "4.4.0",
        "@algolia/logger-common": "4.4.0",
        "@algolia/logger-console": "4.4.0",
        "@algolia/requester-browser-xhr": "4.4.0",
        "@algolia/requester-common": "4.4.0",
        "@algolia/requester-node-http": "4.4.0",
        "@algolia/transporter": "4.4.0"
      }
    }
  }
}
